
Microsoft Visual Studio Solution File, Format Version 12.00
# Visual Studio Version 16
VisualStudioVersion = 16.0.34031.81
MinimumVisualStudioVersion = 10.0.40219.1
Project("{FAE04EC0-301F-11D3-BF4B-00C04F79EFBC}") = "BaiTap_account_dahinh", "BaiTap_account_dahinh\BaiTap_account_dahinh.csproj", "{D459961D-B4F3-4E64-9756-FF97F09239A7}"
EndProject
Global
	GlobalSection(SolutionConfigurationPlatforms) = preSolution
		Debug|Any CPU = Debug|Any CPU
		Release|Any CPU = Release|Any CPU
	EndGlobalSection
	GlobalSection(ProjectConfigurationPlatforms) = postSolution
		{D459961D-B4F3-4E64-9756-FF97F09239A7}.Debug|Any CPU.ActiveCfg = Debug|Any CPU
		{D459961D-B4F3-4E64-9756-FF97F09239A7}.Debug|Any CPU.Build.0 = Debug|Any CPU
		{D459961D-B4F3-4E64-9756-FF97F09239A7}.Release|Any CPU.ActiveCfg = Release|Any CPU
		{D459961D-B4F3-4E64-9756-FF97F09239A7}.Release|Any CPU.Build.0 = Release|Any CPU
	EndGlobalSection
	GlobalSection(SolutionProperties) = preSolution
		HideSolutionNode = FALSE
	EndGlobalSection
	GlobalSection(ExtensibilityGlobals) = postSolution
		SolutionGuid = {44131D53-D2DD-4731-A6D5-374BC3705205}
	EndGlobalSection
EndGlobal
